
Microsoft Visual Studio Solution File, Format Version 12.00
# Visual Studio Version 17
VisualStudioVersion = 17.8.34330.188
MinimumVisualStudioVersion = 10.0.40219.1
Project("{9A19103F-16F7-4668-BE54-9A1E7A4F7556}") = "FinancialApp", "FinancialApp.csproj", "{346A4408-3A25-4E6A-9799-2BC4816329E3}"
EndProject
Global
	GlobalSection(SolutionConfigurationPlatforms) = preSolution
		Debug|Any CPU = Debug|Any CPU
		Release|Any CPU = Release|Any CPU
	EndGlobalSection
	GlobalSection(ProjectConfigurationPlatforms) = postSolution
		{346A4408-3A25-4E6A-9799-2BC4816329E3}.Debug|Any CPU.ActiveCfg = Debug|Any CPU
		{346A4408-3A25-4E6A-9799-2BC4816329E3}.Debug|Any CPU.Build.0 = Debug|Any CPU
		{346A4408-3A25-4E6A-9799-2BC4816329E3}.Release|Any CPU.ActiveCfg = Release|Any CPU
		{346A4408-3A25-4E6A-9799-2BC4816329E3}.Release|Any CPU.Build.0 = Release|Any CPU
	EndGlobalSection
	GlobalSection(SolutionProperties) = preSolution
		HideSolutionNode = FALSE
	EndGlobalSection
	GlobalSection(ExtensibilityGlobals) = postSolution
		SolutionGuid = {55152337-826D-4CD8-9737-814CBA2AC1DE}
	EndGlobalSection
EndGlobal
